schema: '2.0'
stages:
  download_smard_prices:
    cmd: uv run python pipeline/01_download_smard_prices.py
    outs:
    - path: data/downloads/smard/prices_de_lu.parquet
      hash: md5
      md5: f1886a2b97cd6a365960541adb2098fa
      size: 828689
  battery_dispatch_ideal:
    cmd: "set -e\nMPLBACKEND=Agg uv run jupytext --to notebook --execute --set-kernel
      python3 --output book/notebooks/02_battery_dispatch_ideal.ipynb pipeline/02_battery_dispatch_ideal.py\n\
      uv run python -c \"import nbformat; nb = nbformat.read('book/notebooks/02_battery_dispatch_ideal.ipynb',
      as_version=4); nb.cells = [c for c in nb.cells if not (c.cell_type == 'raw'
      and 'jupytext' in c.source)]; nbformat.write(nb, 'book/notebooks/02_battery_dispatch_ideal.ipynb')\"\
      \n"
    deps:
    - path: data/downloads/smard/prices_de_lu.parquet
      hash: md5
      md5: f1886a2b97cd6a365960541adb2098fa
      size: 828689
    - path: pipeline/02_battery_dispatch_ideal.py
      hash: md5
      md5: 8348caeed36139c36c111c2bd84312e3
      size: 29661
    outs:
    - path: book/notebooks/02_battery_dispatch_ideal.ipynb
      hash: md5
      md5: 3aca9c0c842373583db83f537607435d
      size: 53344
    - path: output/images/02_annual_revenue_comparison.png
      hash: md5
      md5: 17f88359447cd23317043a45ff1ba9ee
      size: 98176
    - path: output/images/02_annual_revenue_table.png
      hash: md5
      md5: 7ccf24fc0e215fd432c525125f3c0671
      size: 56825
    - path: output/images/02_daily_revenue_heatmap.png
      hash: md5
      md5: 15c56c3e8027d459bb990e8fa1f8e84b
      size: 96628
    - path: output/images/02_diurnal_dispatch_profile.png
      hash: md5
      md5: fc6e2df111473ef46d6549b221d103f6
      size: 118255
    - path: output/images/02_irr_analysis.png
      hash: md5
      md5: 657e85f47f5254a70a89721e87aa5ab2
      size: 127321
    - path: output/images/02_negative_price_breakdown.png
      hash: md5
      md5: d1be0ac1b832afceda42b4c3017fd57c
      size: 74720
    - path: output/images/02_soc_trajectory.png
      hash: md5
      md5: e6bbbdbba92b408d7a4031fd4351092f
      size: 162567
  battery_dispatch_realistic:
    cmd: "set -e\nMPLBACKEND=Agg uv run jupytext --to notebook --execute --set-kernel
      python3 --output book/notebooks/03_battery_dispatch_realistic.ipynb pipeline/03_battery_dispatch_realistic.py\n\
      uv run python -c \"import nbformat; nb = nbformat.read('book/notebooks/03_battery_dispatch_realistic.ipynb',
      as_version=4); nb.cells = [c for c in nb.cells if not (c.cell_type == 'raw'
      and 'jupytext' in c.source)]; nbformat.write(nb, 'book/notebooks/03_battery_dispatch_realistic.ipynb')\"\
      \n"
    deps:
    - path: data/downloads/smard/prices_de_lu.parquet
      hash: md5
      md5: f1886a2b97cd6a365960541adb2098fa
      size: 828689
    - path: pipeline/03_battery_dispatch_realistic.py
      hash: md5
      md5: bf8cf4acbf2565f4946f88be68eed168
      size: 26359
    outs:
    - path: book/notebooks/03_battery_dispatch_realistic.ipynb
      hash: md5
      md5: 5c9c96edc7bb3b9a2e2b6dd6ae63bd41
      size: 47802
    - path: output/images/03_degradation_sensitivity.png
      hash: md5
      md5: e0beef231b320493d859c8f1c85be5cc
      size: 178310
    - path: output/images/03_diurnal_comparison.png
      hash: md5
      md5: c0ed20be84979f639f536de9d6002094
      size: 149917
    - path: output/images/03_free_horizon_comparison.png
      hash: md5
      md5: 3d3fe983de87e6f24d0a72156458a03e
      size: 109737
    - path: output/images/03_scenario_comparison.png
      hash: md5
      md5: 107377f0a2a1d404fd724e8a242afe44
      size: 129743
  simultaneous_dispatch:
    cmd: "set -e\nMPLBACKEND=Agg uv run jupytext --to notebook --execute --set-kernel
      python3 --output book/notebooks/04_simultaneous_dispatch.ipynb pipeline/04_simultaneous_dispatch.py\n\
      uv run python -c \"import nbformat; nb = nbformat.read('book/notebooks/04_simultaneous_dispatch.ipynb',
      as_version=4); nb.cells = [c for c in nb.cells if not (c.cell_type == 'raw'
      and 'jupytext' in c.source)]; nbformat.write(nb, 'book/notebooks/04_simultaneous_dispatch.ipynb')\"\
      \n"
    deps:
    - path: data/downloads/smard/prices_de_lu.parquet
      hash: md5
      md5: f1886a2b97cd6a365960541adb2098fa
      size: 828689
    - path: pipeline/04_simultaneous_dispatch.py
      hash: md5
      md5: b62c39f9873be7d4e01b0322213e6142
      size: 16298
    outs:
    - path: book/notebooks/04_simultaneous_dispatch.ipynb
      hash: md5
      md5: 859cd3443a41047937cd8a799d13a687
      size: 26543
    - path: output/images/04_simultaneous_cd_analysis.png
      hash: md5
      md5: 6693cde43ff9353ee42bc3c89ad23e03
      size: 192796
  forecast_baseline:
    cmd: "set -e\nMPLBACKEND=Agg uv run jupytext --to notebook --execute --set-kernel
      python3 --output book/notebooks/05_price_forecast_baseline.ipynb pipeline/05_price_forecast_baseline.py\n\
      uv run python -c \"import nbformat; nb = nbformat.read('book/notebooks/05_price_forecast_baseline.ipynb',
      as_version=4); nb.cells = [c for c in nb.cells if not (c.cell_type == 'raw'
      and 'jupytext' in c.source)]; nbformat.write(nb, 'book/notebooks/05_price_forecast_baseline.ipynb')\"\
      \n"
    deps:
    - path: data/downloads/smard/prices_de_lu.parquet
      hash: md5
      md5: f1886a2b97cd6a365960541adb2098fa
      size: 828689
    - path: pipeline/05_price_forecast_baseline.py
      hash: md5
      md5: 2fcc0cf794623d76d8e2d5549931e18a
      size: 11400
    outs:
    - path: book/notebooks/05_price_forecast_baseline.ipynb
      hash: md5
      md5: 098cb06abcb9d4dd02fbb95f0cbe94b5
      size: 20690
    - path: output/images/05_forecast_sample.png
      hash: md5
      md5: 4f2a2e64064e6788dd796919cfa510e1
      size: 280670
    - path: output/images/05_per_hour_mae.png
      hash: md5
      md5: 3eb9d939bc0c0551155ae2fb3540ae6d
      size: 132084
