schema: '2.0'
stages:
  download_smard_prices:
    cmd: uv run python pipeline/01_download_smard_prices.py
    outs:
    - path: data/downloads/smard/prices_de_lu.parquet
      hash: md5
      md5: f1886a2b97cd6a365960541adb2098fa
      size: 828689
  battery_dispatch_ideal:
    cmd: "set -e\nMPLBACKEND=Agg uv run jupytext --to notebook --execute --set-kernel
      python3 --output book/notebooks/02_battery_dispatch_ideal.ipynb pipeline/02_battery_dispatch_ideal.py\n\
      uv run python -c \"import nbformat; nb = nbformat.read('book/notebooks/02_battery_dispatch_ideal.ipynb',
      as_version=4); nb.cells = [c for c in nb.cells if not (c.cell_type == 'raw'
      and 'jupytext' in c.source)]; nbformat.write(nb, 'book/notebooks/02_battery_dispatch_ideal.ipynb')\"\
      \n"
    deps:
    - path: data/downloads/smard/prices_de_lu.parquet
      hash: md5
      md5: f1886a2b97cd6a365960541adb2098fa
      size: 828689
    - path: pipeline/02_battery_dispatch_ideal.py
      hash: md5
      md5: 97262a270a585844bcb95912544ca20f
      size: 15278
    outs:
    - path: book/notebooks/02_battery_dispatch_ideal.ipynb
      hash: md5
      md5: 79107824004381b2c71020d2ee173b7b
      size: 26095
    - path: output/images/02_annual_revenue_comparison.png
      hash: md5
      md5: 17f88359447cd23317043a45ff1ba9ee
      size: 98176
    - path: output/images/02_daily_revenue_heatmap.png
      hash: md5
      md5: 15c56c3e8027d459bb990e8fa1f8e84b
      size: 96628
    - path: output/images/02_diurnal_dispatch_profile.png
      hash: md5
      md5: fc6e2df111473ef46d6549b221d103f6
      size: 118255
    - path: output/images/02_soc_trajectory.png
      hash: md5
      md5: e6bbbdbba92b408d7a4031fd4351092f
      size: 162567
